{"1.1.0",
[{<<"ibrowse">>,{pkg,<<"ibrowse">>,<<"4.4.0">>},1},
 {<<"otters">>,{pkg,<<"otters">>,<<"0.1.2">>},0}]}.
[
{pkg_hash,[
 {<<"ibrowse">>, <<"2D923325EFE0D2CB09B9C6A047B2835A5EDA69D8A47ED6FF8BC03628B764E991">>},
 {<<"otters">>, <<"F4224DA7B2B0CD3E588E903CDC4F07D1A02B19720855E7DAABF1564F7749F052">>}]}
].
